
Microsoft Visual Studio Solution File, Format Version 12.00
# Visual Studio Version 17
VisualStudioVersion = 17.5.33424.131
MinimumVisualStudioVersion = 10.0.40219.1
Project("{FAE04EC0-301F-11D3-BF4B-00C04F79EFBC}") = "WIN", "WIN\WIN.csproj", "{623711F1-DBED-4CE4-B1ED-5B7C45556719}"
EndProject
Project("{FAE04EC0-301F-11D3-BF4B-00C04F79EFBC}") = "CAD", "CAD\CAD.csproj", "{FC06C155-B734-40B4-B6EA-321A111C639C}"
EndProject
Global
	GlobalSection(SolutionConfigurationPlatforms) = preSolution
		Debug|Any CPU = Debug|Any CPU
		Release|Any CPU = Release|Any CPU
	EndGlobalSection
	GlobalSection(ProjectConfigurationPlatforms) = postSolution
		{623711F1-DBED-4CE4-B1ED-5B7C45556719}.Debug|Any CPU.ActiveCfg = Debug|Any CPU
		{623711F1-DBED-4CE4-B1ED-5B7C45556719}.Debug|Any CPU.Build.0 = Debug|Any CPU
		{623711F1-DBED-4CE4-B1ED-5B7C45556719}.Release|Any CPU.ActiveCfg = Release|Any CPU
		{623711F1-DBED-4CE4-B1ED-5B7C45556719}.Release|Any CPU.Build.0 = Release|Any CPU
		{FC06C155-B734-40B4-B6EA-321A111C639C}.Debug|Any CPU.ActiveCfg = Debug|Any CPU
		{FC06C155-B734-40B4-B6EA-321A111C639C}.Debug|Any CPU.Build.0 = Debug|Any CPU
		{FC06C155-B734-40B4-B6EA-321A111C639C}.Release|Any CPU.ActiveCfg = Release|Any CPU
		{FC06C155-B734-40B4-B6EA-321A111C639C}.Release|Any CPU.Build.0 = Release|Any CPU
	EndGlobalSection
	GlobalSection(SolutionProperties) = preSolution
		HideSolutionNode = FALSE
	EndGlobalSection
	GlobalSection(ExtensibilityGlobals) = postSolution
		SolutionGuid = {7EC5CE4C-C7B8-4DA7-8FFA-248140F34078}
	EndGlobalSection
EndGlobal
